
Microsoft Visual Studio Solution File, Format Version 12.00
# Visual Studio 15
VisualStudioVersion = 15.0.27130.2036
MinimumVisualStudioVersion = 10.0.40219.1
Project("{9A19103F-16F7-4668-BE54-9A1E7A4F7556}") = "Tests", "Tests\Tests.csproj", "{0CB8B54E-CACB-4BD6-9084-0BB9BB436716}"
EndProject
Project("{9A19103F-16F7-4668-BE54-9A1E7A4F7556}") = "EncodeLibrary", "EncodeLibrary\EncodeLibrary.csproj", "{36A3BDD5-381F-40E0-A09C-0EDAE16A9392}"
EndProject
Global
	GlobalSection(SolutionConfigurationPlatforms) = preSolution
		Debug|Any CPU = Debug|Any CPU
		Debug|x64 = Debug|x64
		Debug|x86 = Debug|x86
		Release|Any CPU = Release|Any CPU
		Release|x64 = Release|x64
		Release|x86 = Release|x86
	EndGlobalSection
	GlobalSection(ProjectConfigurationPlatforms) = postSolution
		{0CB8B54E-CACB-4BD6-9084-0BB9BB436716}.Debug|Any CPU.ActiveCfg = Debug|Any CPU
		{0CB8B54E-CACB-4BD6-9084-0BB9BB436716}.Debug|Any CPU.Build.0 = Debug|Any CPU
		{0CB8B54E-CACB-4BD6-9084-0BB9BB436716}.Debug|x64.ActiveCfg = Debug|Any CPU
		{0CB8B54E-CACB-4BD6-9084-0BB9BB436716}.Debug|x64.Build.0 = Debug|Any CPU
		{0CB8B54E-CACB-4BD6-9084-0BB9BB436716}.Debug|x86.ActiveCfg = Debug|Any CPU
		{0CB8B54E-CACB-4BD6-9084-0BB9BB436716}.Debug|x86.Build.0 = Debug|Any CPU
		{0CB8B54E-CACB-4BD6-9084-0BB9BB436716}.Release|Any CPU.ActiveCfg = Release|Any CPU
		{0CB8B54E-CACB-4BD6-9084-0BB9BB436716}.Release|Any CPU.Build.0 = Release|Any CPU
		{0CB8B54E-CACB-4BD6-9084-0BB9BB436716}.Release|x64.ActiveCfg = Release|Any CPU
		{0CB8B54E-CACB-4BD6-9084-0BB9BB436716}.Release|x64.Build.0 = Release|Any CPU
		{0CB8B54E-CACB-4BD6-9084-0BB9BB436716}.Release|x86.ActiveCfg = Release|Any CPU
		{0CB8B54E-CACB-4BD6-9084-0BB9BB436716}.Release|x86.Build.0 = Release|Any CPU
		{36A3BDD5-381F-40E0-A09C-0EDAE16A9392}.Debug|Any CPU.ActiveCfg = Debug|Any CPU
		{36A3BDD5-381F-40E0-A09C-0EDAE16A9392}.Debug|Any CPU.Build.0 = Debug|Any CPU
		{36A3BDD5-381F-40E0-A09C-0EDAE16A9392}.Debug|x64.ActiveCfg = Debug|Any CPU
		{36A3BDD5-381F-40E0-A09C-0EDAE16A9392}.Debug|x64.Build.0 = Debug|Any CPU
		{36A3BDD5-381F-40E0-A09C-0EDAE16A9392}.Debug|x86.ActiveCfg = Debug|Any CPU
		{36A3BDD5-381F-40E0-A09C-0EDAE16A9392}.Debug|x86.Build.0 = Debug|Any CPU
		{36A3BDD5-381F-40E0-A09C-0EDAE16A9392}.Release|Any CPU.ActiveCfg = Release|Any CPU
		{36A3BDD5-381F-40E0-A09C-0EDAE16A9392}.Release|Any CPU.Build.0 = Release|Any CPU
		{36A3BDD5-381F-40E0-A09C-0EDAE16A9392}.Release|x64.ActiveCfg = Release|Any CPU
		{36A3BDD5-381F-40E0-A09C-0EDAE16A9392}.Release|x64.Build.0 = Release|Any CPU
		{36A3BDD5-381F-40E0-A09C-0EDAE16A9392}.Release|x86.ActiveCfg = Release|Any CPU
		{36A3BDD5-381F-40E0-A09C-0EDAE16A9392}.Release|x86.Build.0 = Release|Any CPU
	EndGlobalSection
	GlobalSection(SolutionProperties) = preSolution
		HideSolutionNode = FALSE
	EndGlobalSection
	GlobalSection(ExtensibilityGlobals) = postSolution
		SolutionGuid = {308B3CE1-ACE5-4CDB-9165-5F25899892DE}
	EndGlobalSection
EndGlobal
